dependencies:
- name: milvus
  repository: https://zilliztech.github.io/milvus-helm
  version: 4.1.11
- name: redis
  repository: oci://registry-1.docker.io/bitnamicharts
  version: 19.1.3
- name: zipkin
  repository: https://zipkin.io/zipkin-helm
  version: 0.4.0
- name: opentelemetry-collector
  repository: https://open-telemetry.github.io/opentelemetry-helm-charts
  version: 0.133.0
- name: prometheus
  repository: https://prometheus-community.github.io/helm-charts
  version: 27.12.1
digest: sha256:6bee7722067c4c8168068fb69cdcc339b137725d322d589696198f4b57178c89
generated: "2026-01-13T18:40:58.677875091-05:00"
